{
    "_readme": [
        "This file locks the dependencies of your project to a known state",
        "Read more about it at https://getcomposer.org/doc/01-basic-usage.md#installing-dependencies",
        "This file is @generated automatically"
    ],
    "content-hash": "0379812c885a694825511b4605488921",
    "packages": [
        {
            "name": "caxy/php-htmldiff",
            "version": "v0.1.16",
            "source": {
                "type": "git",
                "url": "https://github.com/caxy/php-htmldiff.git",
                "reference": "5c580b4f09285c078f0c5cb261573412a736a8cb"
            },
            "dist": {
                "type": "zip",
                "url": "https://api.github.com/repos/caxy/php-htmldiff/zipball/5c580b4f09285c078f0c5cb261573412a736a8cb",
                "reference": "5c580b4f09285c078f0c5cb261573412a736a8cb",
                "shasum": ""
            },
            "require": {
                "ext-dom": "*",
                "ext-mbstring": "*",
                "ezyang/htmlpurifier": "^4.7",
                "php": ">=7.3"
            },
            "require-dev": {
                "doctrine/cache": "~1.0",
                "phpunit/phpunit": "~9.0"
            },
            "suggest": {
                "doctrine/cache": "Used for caching the calculated diffs using a Doctrine Cache Provider"
            },
            "type": "library",
            "extra": {
                "branch-alias": {
                    "dev-master": "0.1.x-dev"
                }
            },
            "autoload": {
                "psr-0": {
                    "Caxy\\HtmlDiff": "lib/"
                }
            },
            "notification-url": "https://packagist.org/downloads/",
            "license": [
                "GPL-2.0"
            ],
            "authors": [
                {
                    "name": "Josh Schroeder",
                    "email": "jschroeder@caxy.com",
                    "homepage": "http://www.caxy.com"
                }
            ],
            "description": "A library for comparing two HTML files/snippets and highlighting the differences using simple HTML.",
            "homepage": "https://github.com/caxy/php-htmldiff",
            "keywords": [
                "diff",
                "html"
            ],
            "support": {
                "issues": "https://github.com/caxy/php-htmldiff/issues",
                "source": "https://github.com/caxy/php-htmldiff/tree/v0.1.16"
            },
            "time": "2025-01-22T17:03:45+00:00"
        },
        {
            "name": "doctrine/deprecations",
            "version": "1.1.4",
            "source": {
                "type": "git",
                "url": "https://github.com/doctrine/deprecations.git",
                "reference": "31610dbb31faa98e6b5447b62340826f54fbc4e9"
            },
            "dist": {
                "type": "zip",
                "url": "https://api.github.com/repos/doctrine/deprecations/zipball/31610dbb31faa98e6b5447b62340826f54fbc4e9",
                "reference": "31610dbb31faa98e6b5447b62340826f54fbc4e9",
                "shasum": ""
            },
            "require": {
                "php": "^7.1 || ^8.0"
            },
            "require-dev": {
                "doctrine/coding-standard": "^9 || ^12",
                "phpstan/phpstan": "1.4.10 || 2.0.3",
                "phpstan/phpstan-phpunit": "^1.0 || ^2",
                "phpunit/phpunit": "^7.5 || ^8.5 || ^9.5",
                "psr/log": "^1 || ^2 || ^3"
            },
            "suggest": {
                "psr/log": "Allows logging deprecations via PSR-3 logger implementation"
            },
            "type": "library",
            "autoload": {
                "psr-4": {
                    "Doctrine\\Deprecations\\": "src"
                }
            },
            "notification-url": "https://packagist.org/downloads/",
            "license": [
                "MIT"
            ],
            "description": "A small layer on top of trigger_error(E_USER_DEPRECATED) or PSR-3 logging with options to disable all deprecations or selectively for packages.",
            "homepage": "https://www.doctrine-project.org/",
            "support": {
                "issues": "https://github.com/doctrine/deprecations/issues",
                "source": "https://github.com/doctrine/deprecations/tree/1.1.4"
            },
            "time": "2024-12-07T21:18:45+00:00"
        },
        {
            "name": "phpdocumentor/reflection-common",
            "version": "2.2.0",
            "source": {
                "type": "git",
                "url": "https://github.com/phpDocumentor/ReflectionCommon.git",
                "reference": "1d01c49d4ed62f25aa84a747ad35d5a16924662b"
            },
            "dist": {
                "type": "zip",
                "url": "https://api.github.com/repos/phpDocumentor/ReflectionCommon/zipball/1d01c49d4ed62f25aa84a747ad35d5a16924662b",
                "reference": "1d01c49d4ed62f25aa84a747ad35d5a16924662b",
                "shasum": ""
            },
            "require": {
                "php": "^7.2 || ^8.0"
            },
            "type": "library",
            "extra": {
                "branch-alias": {
                    "dev-2.x": "2.x-dev"
                }
            },
            "autoload": {
                "psr-4": {
                    "phpDocumentor\\Reflection\\": "src/"
                }
            },
            "notification-url": "https://packagist.org/downloads/",
            "license": [
                "MIT"
            ],
            "authors": [
                {
                    "name": "Jaap van Otterdijk",
                    "email": "opensource@ijaap.nl"
                }
            ],
            "description": "Common reflection classes used by phpdocumentor to reflect the code structure",
            "homepage": "http://www.phpdoc.org",
            "keywords": [
                "FQSEN",
                "phpDocumentor",
                "phpdoc",
                "reflection",
                "static analysis"
            ],
            "support": {
                "issues": "https://github.com/phpDocumentor/ReflectionCommon/issues",
                "source": "https://github.com/phpDocumentor/ReflectionCommon/tree/2.x"
            },
            "time": "2020-06-27T09:03:43+00:00"
        },
        {
            "name": "phpdocumentor/reflection-docblock",
            "version": "5.6.1",
            "source": {
                "type": "git",
                "url": "https://github.com/phpDocumentor/ReflectionDocBlock.git",
                "reference": "e5e784149a09bd69d9a5e3b01c5cbd2e2bd653d8"
            },
            "dist": {
                "type": "zip",
                "url": "https://api.github.com/repos/phpDocumentor/ReflectionDocBlock/zipball/e5e784149a09bd69d9a5e3b01c5cbd2e2bd653d8",
                "reference": "e5e784149a09bd69d9a5e3b01c5cbd2e2bd653d8",
                "shasum": ""
            },
            "require": {
                "doctrine/deprecations": "^1.1",
                "ext-filter": "*",
                "php": "^7.4 || ^8.0",
                "phpdocumentor/reflection-common": "^2.2",
                "phpdocumentor/type-resolver": "^1.7",
                "phpstan/phpdoc-parser": "^1.7|^2.0",
                "webmozart/assert": "^1.9.1"
            },
            "require-dev": {
                "mockery/mockery": "~1.3.5 || ~1.6.0",
                "phpstan/extension-installer": "^1.1",
                "phpstan/phpstan": "^1.8",
                "phpstan/phpstan-mockery": "^1.1",
                "phpstan/phpstan-webmozart-assert": "^1.2",
                "phpunit/phpunit": "^9.5",
                "psalm/phar": "^5.26"
            },
            "type": "library",
            "extra": {
                "branch-alias": {
                    "dev-master": "5.x-dev"
                }
            },
            "autoload": {
                "psr-4": {
                    "phpDocumentor\\Reflection\\": "src"
                }
            },
            "notification-url": "https://packagist.org/downloads/",
            "license": [
                "MIT"
            ],
            "authors": [
                {
                    "name": "Mike van Riel",
                    "email": "me@mikevanriel.com"
                },
                {
                    "name": "Jaap van Otterdijk",
                    "email": "opensource@ijaap.nl"
                }
            ],
            "description": "With this component, a library can provide support for annotations via DocBlocks or otherwise retrieve information that is embedded in a DocBlock.",
            "support": {
                "issues": "https://github.com/phpDocumentor/ReflectionDocBlock/issues",
                "source": "https://github.com/phpDocumentor/ReflectionDocBlock/tree/5.6.1"
            },
            "time": "2024-12-07T09:39:29+00:00"
        },
        {
            "name": "phpdocumentor/type-resolver",
            "version": "1.10.0",
            "source": {
                "type": "git",
                "url": "https://github.com/phpDocumentor/TypeResolver.git",
                "reference": "679e3ce485b99e84c775d28e2e96fade9a7fb50a"
            },
            "dist": {
                "type": "zip",
                "url": "https://api.github.com/repos/phpDocumentor/TypeResolver/zipball/679e3ce485b99e84c775d28e2e96fade9a7fb50a",
                "reference": "679e3ce485b99e84c775d28e2e96fade9a7fb50a",
                "shasum": ""
            },
            "require": {
                "doctrine/deprecations": "^1.0",
                "php": "^7.3 || ^8.0",
                "phpdocumentor/reflection-common": "^2.0",
                "phpstan/phpdoc-parser": "^1.18|^2.0"
            },
            "require-dev": {
                "ext-tokenizer": "*",
                "phpbench/phpbench": "^1.2",
                "phpstan/extension-installer": "^1.1",
                "phpstan/phpstan": "^1.8",
                "phpstan/phpstan-phpunit": "^1.1",
                "phpunit/phpunit": "^9.5",
                "rector/rector": "^0.13.9",
                "vimeo/psalm": "^4.25"
            },
            "type": "library",
            "extra": {
                "branch-alias": {
                    "dev-1.x": "1.x-dev"
                }
            },
            "autoload": {
                "psr-4": {
                    "phpDocumentor\\Reflection\\": "src"
                }
            },
            "notification-url": "https://packagist.org/downloads/",
            "license": [
                "MIT"
            ],
            "authors": [
                {
                    "name": "Mike van Riel",
                    "email": "me@mikevanriel.com"
                }
            ],
            "description": "A PSR-5 based resolver of Class names, Types and Structural Element Names",
            "support": {
                "issues": "https://github.com/phpDocumentor/TypeResolver/issues",
                "source": "https://github.com/phpDocumentor/TypeResolver/tree/1.10.0"
            },
            "time": "2024-11-09T15:12:26+00:00"
        },
        {
            "name": "phpstan/phpdoc-parser",
            "version": "2.1.0",
            "source": {
                "type": "git",
                "url": "https://github.com/phpstan/phpdoc-parser.git",
                "reference": "9b30d6fd026b2c132b3985ce6b23bec09ab3aa68"
            },
            "dist": {
                "type": "zip",
                "url": "https://api.github.com/repos/phpstan/phpdoc-parser/zipball/9b30d6fd026b2c132b3985ce6b23bec09ab3aa68",
                "reference": "9b30d6fd026b2c132b3985ce6b23bec09ab3aa68",
                "shasum": ""
            },
            "require": {
                "php": "^7.4 || ^8.0"
            },
            "require-dev": {
                "doctrine/annotations": "^2.0",
                "nikic/php-parser": "^5.3.0",
                "php-parallel-lint/php-parallel-lint": "^1.2",
                "phpstan/extension-installer": "^1.0",
                "phpstan/phpstan": "^2.0",
                "phpstan/phpstan-phpunit": "^2.0",
                "phpstan/phpstan-strict-rules": "^2.0",
                "phpunit/phpunit": "^9.6",
                "symfony/process": "^5.2"
            },
            "type": "library",
            "autoload": {
                "psr-4": {
                    "PHPStan\\PhpDocParser\\": [
                        "src/"
                    ]
                }
            },
            "notification-url": "https://packagist.org/downloads/",
            "license": [
                "MIT"
            ],
            "description": "PHPDoc parser with support for nullable, intersection and generic types",
            "support": {
                "issues": "https://github.com/phpstan/phpdoc-parser/issues",
                "source": "https://github.com/phpstan/phpdoc-parser/tree/2.1.0"
            },
            "time": "2025-02-19T13:28:12+00:00"
        },
        {
            "name": "webmozart/assert",
            "version": "1.11.0",
            "source": {
                "type": "git",
                "url": "https://github.com/webmozarts/assert.git",
                "reference": "11cb2199493b2f8a3b53e7f19068fc6aac760991"
            },
            "dist": {
                "type": "zip",
                "url": "https://api.github.com/repos/webmozarts/assert/zipball/11cb2199493b2f8a3b53e7f19068fc6aac760991",
                "reference": "11cb2199493b2f8a3b53e7f19068fc6aac760991",
                "shasum": ""
            },
            "require": {
                "ext-ctype": "*",
                "php": "^7.2 || ^8.0"
            },
            "conflict": {
                "phpstan/phpstan": "<0.12.20",
                "vimeo/psalm": "<4.6.1 || 4.6.2"
            },
            "require-dev": {
                "phpunit/phpunit": "^8.5.13"
            },
            "type": "library",
            "extra": {
                "branch-alias": {
                    "dev-master": "1.10-dev"
                }
            },
            "autoload": {
                "psr-4": {
                    "Webmozart\\Assert\\": "src/"
                }
            },
            "notification-url": "https://packagist.org/downloads/",
            "license": [
                "MIT"
            ],
            "authors": [
                {
                    "name": "Bernhard Schussek",
                    "email": "bschussek@gmail.com"
                }
            ],
            "description": "Assertions to validate method input/output with nice error messages.",
            "keywords": [
                "assert",
                "check",
                "validate"
            ],
            "support": {
                "issues": "https://github.com/webmozarts/assert/issues",
                "source": "https://github.com/webmozarts/assert/tree/1.11.0"
            },
            "time": "2022-06-03T18:03:27+00:00"
        }
    ],
    "packages-dev": [],
    "aliases": [],
    "minimum-stability": "stable",
    "stability-flags": {},
    "prefer-stable": false,
    "prefer-lowest": false,
    "platform": {},
    "platform-dev": {},
    "plugin-api-version": "2.6.0"
}
