{
    "_readme": [
        "This file locks the dependencies of your project to a known state",
        "Read more about it at https://getcomposer.org/doc/01-basic-usage.md#installing-dependencies",
        "This file is @generated automatically"
    ],
    "content-hash": "0379812c885a694825511b4605488921",
    "packages": [
        {
            "name": "caxy/php-htmldiff",
            "version": "v0.1.15",
            "source": {
                "type": "git",
                "url": "https://github.com/caxy/php-htmldiff.git",
                "reference": "6342b02ddb86fd36093ad7e2db2efc21f01ab7cd"
            },
            "dist": {
                "type": "zip",
                "url": "https://api.github.com/repos/caxy/php-htmldiff/zipball/6342b02ddb86fd36093ad7e2db2efc21f01ab7cd",
                "reference": "6342b02ddb86fd36093ad7e2db2efc21f01ab7cd",
                "shasum": ""
            },
            "require": {
                "ext-dom": "*",
                "ext-mbstring": "*",
                "ezyang/htmlpurifier": "^4.7",
                "php": ">=7.3"
            },
            "require-dev": {
                "doctrine/cache": "~1.0",
                "phpunit/phpunit": "~9.0"
            },
            "suggest": {
                "doctrine/cache": "Used for caching the calculated diffs using a Doctrine Cache Provider"
            },
            "type": "library",
            "extra": {
                "branch-alias": {
                    "dev-master": "0.1.x-dev"
                }
            },
            "autoload": {
                "psr-0": {
                    "Caxy\\HtmlDiff": "lib/"
                }
            },
            "notification-url": "https://packagist.org/downloads/",
            "license": [
                "GPL-2.0"
            ],
            "authors": [
                {
                    "name": "Josh Schroeder",
                    "email": "jschroeder@caxy.com",
                    "homepage": "http://www.caxy.com"
                }
            ],
            "description": "A library for comparing two HTML files/snippets and highlighting the differences using simple HTML.",
            "homepage": "https://github.com/caxy/php-htmldiff",
            "keywords": [
                "diff",
                "html"
            ],
            "support": {
                "issues": "https://github.com/caxy/php-htmldiff/issues",
                "source": "https://github.com/caxy/php-htmldiff/tree/v0.1.15"
            },
            "time": "2023-11-05T23:49:04+00:00"
        },
        {
            "name": "doctrine/deprecations",
            "version": "1.1.2",
            "source": {
                "type": "git",
                "url": "https://github.com/doctrine/deprecations.git",
                "reference": "4f2d4f2836e7ec4e7a8625e75c6aa916004db931"
            },
            "dist": {
                "type": "zip",
                "url": "https://api.github.com/repos/doctrine/deprecations/zipball/4f2d4f2836e7ec4e7a8625e75c6aa916004db931",
                "reference": "4f2d4f2836e7ec4e7a8625e75c6aa916004db931",
                "shasum": ""
            },
            "require": {
                "php": "^7.1 || ^8.0"
            },
            "require-dev": {
                "doctrine/coding-standard": "^9",
                "phpstan/phpstan": "1.4.10 || 1.10.15",
                "phpstan/phpstan-phpunit": "^1.0",
                "phpunit/phpunit": "^7.5 || ^8.5 || ^9.5",
                "psalm/plugin-phpunit": "0.18.4",
                "psr/log": "^1 || ^2 || ^3",
                "vimeo/psalm": "4.30.0 || 5.12.0"
            },
            "suggest": {
                "psr/log": "Allows logging deprecations via PSR-3 logger implementation"
            },
            "type": "library",
            "autoload": {
                "psr-4": {
                    "Doctrine\\Deprecations\\": "lib/Doctrine/Deprecations"
                }
            },
            "notification-url": "https://packagist.org/downloads/",
            "license": [
                "MIT"
            ],
            "description": "A small layer on top of trigger_error(E_USER_DEPRECATED) or PSR-3 logging with options to disable all deprecations or selectively for packages.",
            "homepage": "https://www.doctrine-project.org/",
            "support": {
                "issues": "https://github.com/doctrine/deprecations/issues",
                "source": "https://github.com/doctrine/deprecations/tree/1.1.2"
            },
            "time": "2023-09-27T20:04:15+00:00"
        },
        {
            "name": "phpdocumentor/reflection-common",
            "version": "2.2.0",
            "source": {
                "type": "git",
                "url": "https://github.com/phpDocumentor/ReflectionCommon.git",
                "reference": "1d01c49d4ed62f25aa84a747ad35d5a16924662b"
            },
            "dist": {
                "type": "zip",
                "url": "https://api.github.com/repos/phpDocumentor/ReflectionCommon/zipball/1d01c49d4ed62f25aa84a747ad35d5a16924662b",
                "reference": "1d01c49d4ed62f25aa84a747ad35d5a16924662b",
                "shasum": ""
            },
            "require": {
                "php": "^7.2 || ^8.0"
            },
            "type": "library",
            "extra": {
                "branch-alias": {
                    "dev-2.x": "2.x-dev"
                }
            },
            "autoload": {
                "psr-4": {
                    "phpDocumentor\\Reflection\\": "src/"
                }
            },
            "notification-url": "https://packagist.org/downloads/",
            "license": [
                "MIT"
            ],
            "authors": [
                {
                    "name": "Jaap van Otterdijk",
                    "email": "opensource@ijaap.nl"
                }
            ],
            "description": "Common reflection classes used by phpdocumentor to reflect the code structure",
            "homepage": "http://www.phpdoc.org",
            "keywords": [
                "FQSEN",
                "phpDocumentor",
                "phpdoc",
                "reflection",
                "static analysis"
            ],
            "support": {
                "issues": "https://github.com/phpDocumentor/ReflectionCommon/issues",
                "source": "https://github.com/phpDocumentor/ReflectionCommon/tree/2.x"
            },
            "time": "2020-06-27T09:03:43+00:00"
        },
        {
            "name": "phpdocumentor/reflection-docblock",
            "version": "5.3.0",
            "source": {
                "type": "git",
                "url": "https://github.com/phpDocumentor/ReflectionDocBlock.git",
                "reference": "622548b623e81ca6d78b721c5e029f4ce664f170"
            },
            "dist": {
                "type": "zip",
                "url": "https://api.github.com/repos/phpDocumentor/ReflectionDocBlock/zipball/622548b623e81ca6d78b721c5e029f4ce664f170",
                "reference": "622548b623e81ca6d78b721c5e029f4ce664f170",
                "shasum": ""
            },
            "require": {
                "ext-filter": "*",
                "php": "^7.2 || ^8.0",
                "phpdocumentor/reflection-common": "^2.2",
                "phpdocumentor/type-resolver": "^1.3",
                "webmozart/assert": "^1.9.1"
            },
            "require-dev": {
                "mockery/mockery": "~1.3.2",
                "psalm/phar": "^4.8"
            },
            "type": "library",
            "extra": {
                "branch-alias": {
                    "dev-master": "5.x-dev"
                }
            },
            "autoload": {
                "psr-4": {
                    "phpDocumentor\\Reflection\\": "src"
                }
            },
            "notification-url": "https://packagist.org/downloads/",
            "license": [
                "MIT"
            ],
            "authors": [
                {
                    "name": "Mike van Riel",
                    "email": "me@mikevanriel.com"
                },
                {
                    "name": "Jaap van Otterdijk",
                    "email": "account@ijaap.nl"
                }
            ],
            "description": "With this component, a library can provide support for annotations via DocBlocks or otherwise retrieve information that is embedded in a DocBlock.",
            "support": {
                "issues": "https://github.com/phpDocumentor/ReflectionDocBlock/issues",
                "source": "https://github.com/phpDocumentor/ReflectionDocBlock/tree/5.3.0"
            },
            "time": "2021-10-19T17:43:47+00:00"
        },
        {
            "name": "phpdocumentor/type-resolver",
            "version": "1.7.3",
            "source": {
                "type": "git",
                "url": "https://github.com/phpDocumentor/TypeResolver.git",
                "reference": "3219c6ee25c9ea71e3d9bbaf39c67c9ebd499419"
            },
            "dist": {
                "type": "zip",
                "url": "https://api.github.com/repos/phpDocumentor/TypeResolver/zipball/3219c6ee25c9ea71e3d9bbaf39c67c9ebd499419",
                "reference": "3219c6ee25c9ea71e3d9bbaf39c67c9ebd499419",
                "shasum": ""
            },
            "require": {
                "doctrine/deprecations": "^1.0",
                "php": "^7.4 || ^8.0",
                "phpdocumentor/reflection-common": "^2.0",
                "phpstan/phpdoc-parser": "^1.13"
            },
            "require-dev": {
                "ext-tokenizer": "*",
                "phpbench/phpbench": "^1.2",
                "phpstan/extension-installer": "^1.1",
                "phpstan/phpstan": "^1.8",
                "phpstan/phpstan-phpunit": "^1.1",
                "phpunit/phpunit": "^9.5",
                "rector/rector": "^0.13.9",
                "vimeo/psalm": "^4.25"
            },
            "type": "library",
            "extra": {
                "branch-alias": {
                    "dev-1.x": "1.x-dev"
                }
            },
            "autoload": {
                "psr-4": {
                    "phpDocumentor\\Reflection\\": "src"
                }
            },
            "notification-url": "https://packagist.org/downloads/",
            "license": [
                "MIT"
            ],
            "authors": [
                {
                    "name": "Mike van Riel",
                    "email": "me@mikevanriel.com"
                }
            ],
            "description": "A PSR-5 based resolver of Class names, Types and Structural Element Names",
            "support": {
                "issues": "https://github.com/phpDocumentor/TypeResolver/issues",
                "source": "https://github.com/phpDocumentor/TypeResolver/tree/1.7.3"
            },
            "time": "2023-08-12T11:01:26+00:00"
        },
        {
            "name": "phpstan/phpdoc-parser",
            "version": "1.24.2",
            "source": {
                "type": "git",
                "url": "https://github.com/phpstan/phpdoc-parser.git",
                "reference": "bcad8d995980440892759db0c32acae7c8e79442"
            },
            "dist": {
                "type": "zip",
                "url": "https://api.github.com/repos/phpstan/phpdoc-parser/zipball/bcad8d995980440892759db0c32acae7c8e79442",
                "reference": "bcad8d995980440892759db0c32acae7c8e79442",
                "shasum": ""
            },
            "require": {
                "php": "^7.2 || ^8.0"
            },
            "require-dev": {
                "doctrine/annotations": "^2.0",
                "nikic/php-parser": "^4.15",
                "php-parallel-lint/php-parallel-lint": "^1.2",
                "phpstan/extension-installer": "^1.0",
                "phpstan/phpstan": "^1.5",
                "phpstan/phpstan-phpunit": "^1.1",
                "phpstan/phpstan-strict-rules": "^1.0",
                "phpunit/phpunit": "^9.5",
                "symfony/process": "^5.2"
            },
            "type": "library",
            "autoload": {
                "psr-4": {
                    "PHPStan\\PhpDocParser\\": [
                        "src/"
                    ]
                }
            },
            "notification-url": "https://packagist.org/downloads/",
            "license": [
                "MIT"
            ],
            "description": "PHPDoc parser with support for nullable, intersection and generic types",
            "support": {
                "issues": "https://github.com/phpstan/phpdoc-parser/issues",
                "source": "https://github.com/phpstan/phpdoc-parser/tree/1.24.2"
            },
            "time": "2023-09-26T12:28:12+00:00"
        },
        {
            "name": "webmozart/assert",
            "version": "1.11.0",
            "source": {
                "type": "git",
                "url": "https://github.com/webmozarts/assert.git",
                "reference": "11cb2199493b2f8a3b53e7f19068fc6aac760991"
            },
            "dist": {
                "type": "zip",
                "url": "https://api.github.com/repos/webmozarts/assert/zipball/11cb2199493b2f8a3b53e7f19068fc6aac760991",
                "reference": "11cb2199493b2f8a3b53e7f19068fc6aac760991",
                "shasum": ""
            },
            "require": {
                "ext-ctype": "*",
                "php": "^7.2 || ^8.0"
            },
            "conflict": {
                "phpstan/phpstan": "<0.12.20",
                "vimeo/psalm": "<4.6.1 || 4.6.2"
            },
            "require-dev": {
                "phpunit/phpunit": "^8.5.13"
            },
            "type": "library",
            "extra": {
                "branch-alias": {
                    "dev-master": "1.10-dev"
                }
            },
            "autoload": {
                "psr-4": {
                    "Webmozart\\Assert\\": "src/"
                }
            },
            "notification-url": "https://packagist.org/downloads/",
            "license": [
                "MIT"
            ],
            "authors": [
                {
                    "name": "Bernhard Schussek",
                    "email": "bschussek@gmail.com"
                }
            ],
            "description": "Assertions to validate method input/output with nice error messages.",
            "keywords": [
                "assert",
                "check",
                "validate"
            ],
            "support": {
                "issues": "https://github.com/webmozarts/assert/issues",
                "source": "https://github.com/webmozarts/assert/tree/1.11.0"
            },
            "time": "2022-06-03T18:03:27+00:00"
        }
    ],
    "packages-dev": [],
    "aliases": [],
    "minimum-stability": "stable",
    "stability-flags": [],
    "prefer-stable": false,
    "prefer-lowest": false,
    "platform": [],
    "platform-dev": [],
    "plugin-api-version": "2.6.0"
}
