{
    "_readme": [
        "This file locks the dependencies of your project to a known state",
        "Read more about it at https://getcomposer.org/doc/01-basic-usage.md#installing-dependencies",
        "This file is @generated automatically"
    ],
    "content-hash": "9a6212b5df5f688a4e57f9fbd0563a26",
    "packages": [
        {
            "name": "doctrine/dbal",
            "version": "4.2.4",
            "source": {
                "type": "git",
                "url": "https://github.com/doctrine/dbal.git",
                "reference": "b37d160498ea91a2382a2ebe825c4ea6254fc0ec"
            },
            "dist": {
                "type": "zip",
                "url": "https://api.github.com/repos/doctrine/dbal/zipball/b37d160498ea91a2382a2ebe825c4ea6254fc0ec",
                "reference": "b37d160498ea91a2382a2ebe825c4ea6254fc0ec",
                "shasum": ""
            },
            "require": {
                "doctrine/deprecations": "^0.5.3|^1",
                "php": "^8.1",
                "psr/cache": "^1|^2|^3",
                "psr/log": "^1|^2|^3"
            },
            "require-dev": {
                "doctrine/coding-standard": "13.0.0",
                "fig/log-test": "^1",
                "jetbrains/phpstorm-stubs": "2023.2",
                "phpstan/phpstan": "2.1.17",
                "phpstan/phpstan-phpunit": "2.0.6",
                "phpstan/phpstan-strict-rules": "^2",
                "phpunit/phpunit": "10.5.46",
                "slevomat/coding-standard": "8.16.2",
                "squizlabs/php_codesniffer": "3.13.1",
                "symfony/cache": "^6.3.8|^7.0",
                "symfony/console": "^5.4|^6.3|^7.0"
            },
            "suggest": {
                "symfony/console": "For helpful console commands such as SQL execution and import of files."
            },
            "type": "library",
            "autoload": {
                "psr-4": {
                    "Doctrine\\DBAL\\": "src"
                }
            },
            "notification-url": "https://packagist.org/downloads/",
            "license": [
                "MIT"
            ],
            "authors": [
                {
                    "name": "Guilherme Blanco",
                    "email": "guilhermeblanco@gmail.com"
                },
                {
                    "name": "Roman Borschel",
                    "email": "roman@code-factory.org"
                },
                {
                    "name": "Benjamin Eberlei",
                    "email": "kontakt@beberlei.de"
                },
                {
                    "name": "Jonathan Wage",
                    "email": "jonwage@gmail.com"
                }
            ],
            "description": "Powerful PHP database abstraction layer (DBAL) with many features for database schema introspection and management.",
            "homepage": "https://www.doctrine-project.org/projects/dbal.html",
            "keywords": [
                "abstraction",
                "database",
                "db2",
                "dbal",
                "mariadb",
                "mssql",
                "mysql",
                "oci8",
                "oracle",
                "pdo",
                "pgsql",
                "postgresql",
                "queryobject",
                "sasql",
                "sql",
                "sqlite",
                "sqlserver",
                "sqlsrv"
            ],
            "support": {
                "issues": "https://github.com/doctrine/dbal/issues",
                "source": "https://github.com/doctrine/dbal/tree/4.2.4"
            },
            "funding": [
                {
                    "url": "https://www.doctrine-project.org/sponsorship.html",
                    "type": "custom"
                },
                {
                    "url": "https://www.patreon.com/phpdoctrine",
                    "type": "patreon"
                },
                {
                    "url": "https://tidelift.com/funding/github/packagist/doctrine%2Fdbal",
                    "type": "tidelift"
                }
            ],
            "time": "2025-06-15T23:15:01+00:00"
        },
        {
            "name": "doctrine/deprecations",
            "version": "1.1.5",
            "source": {
                "type": "git",
                "url": "https://github.com/doctrine/deprecations.git",
                "reference": "459c2f5dd3d6a4633d3b5f46ee2b1c40f57d3f38"
            },
            "dist": {
                "type": "zip",
                "url": "https://api.github.com/repos/doctrine/deprecations/zipball/459c2f5dd3d6a4633d3b5f46ee2b1c40f57d3f38",
                "reference": "459c2f5dd3d6a4633d3b5f46ee2b1c40f57d3f38",
                "shasum": ""
            },
            "require": {
                "php": "^7.1 || ^8.0"
            },
            "conflict": {
                "phpunit/phpunit": "<=7.5 || >=13"
            },
            "require-dev": {
                "doctrine/coding-standard": "^9 || ^12 || ^13",
                "phpstan/phpstan": "1.4.10 || 2.1.11",
                "phpstan/phpstan-phpunit": "^1.0 || ^2",
                "phpunit/phpunit": "^7.5 || ^8.5 || ^9.6 || ^10.5 || ^11.5 || ^12",
                "psr/log": "^1 || ^2 || ^3"
            },
            "suggest": {
                "psr/log": "Allows logging deprecations via PSR-3 logger implementation"
            },
            "type": "library",
            "autoload": {
                "psr-4": {
                    "Doctrine\\Deprecations\\": "src"
                }
            },
            "notification-url": "https://packagist.org/downloads/",
            "license": [
                "MIT"
            ],
            "description": "A small layer on top of trigger_error(E_USER_DEPRECATED) or PSR-3 logging with options to disable all deprecations or selectively for packages.",
            "homepage": "https://www.doctrine-project.org/",
            "support": {
                "issues": "https://github.com/doctrine/deprecations/issues",
                "source": "https://github.com/doctrine/deprecations/tree/1.1.5"
            },
            "time": "2025-04-07T20:06:18+00:00"
        },
        {
            "name": "doctrine/lexer",
            "version": "3.0.1",
            "source": {
                "type": "git",
                "url": "https://github.com/doctrine/lexer.git",
                "reference": "31ad66abc0fc9e1a1f2d9bc6a42668d2fbbcd6dd"
            },
            "dist": {
                "type": "zip",
                "url": "https://api.github.com/repos/doctrine/lexer/zipball/31ad66abc0fc9e1a1f2d9bc6a42668d2fbbcd6dd",
                "reference": "31ad66abc0fc9e1a1f2d9bc6a42668d2fbbcd6dd",
                "shasum": ""
            },
            "require": {
                "php": "^8.1"
            },
            "require-dev": {
                "doctrine/coding-standard": "^12",
                "phpstan/phpstan": "^1.10",
                "phpunit/phpunit": "^10.5",
                "psalm/plugin-phpunit": "^0.18.3",
                "vimeo/psalm": "^5.21"
            },
            "type": "library",
            "autoload": {
                "psr-4": {
                    "Doctrine\\Common\\Lexer\\": "src"
                }
            },
            "notification-url": "https://packagist.org/downloads/",
            "license": [
                "MIT"
            ],
            "authors": [
                {
                    "name": "Guilherme Blanco",
                    "email": "guilhermeblanco@gmail.com"
                },
                {
                    "name": "Roman Borschel",
                    "email": "roman@code-factory.org"
                },
                {
                    "name": "Johannes Schmitt",
                    "email": "schmittjoh@gmail.com"
                }
            ],
            "description": "PHP Doctrine Lexer parser library that can be used in Top-Down, Recursive Descent Parsers.",
            "homepage": "https://www.doctrine-project.org/projects/lexer.html",
            "keywords": [
                "annotations",
                "docblock",
                "lexer",
                "parser",
                "php"
            ],
            "support": {
                "issues": "https://github.com/doctrine/lexer/issues",
                "source": "https://github.com/doctrine/lexer/tree/3.0.1"
            },
            "funding": [
                {
                    "url": "https://www.doctrine-project.org/sponsorship.html",
                    "type": "custom"
                },
                {
                    "url": "https://www.patreon.com/phpdoctrine",
                    "type": "patreon"
                },
                {
                    "url": "https://tidelift.com/funding/github/packagist/doctrine%2Flexer",
                    "type": "tidelift"
                }
            ],
            "time": "2024-02-05T11:56:58+00:00"
        },
        {
            "name": "joomla/string",
            "version": "3.0.2",
            "source": {
                "type": "git",
                "url": "https://github.com/joomla-framework/string.git",
                "reference": "15878f3260eefd443b6af3d9fb34b1e386a5f626"
            },
            "dist": {
                "type": "zip",
                "url": "https://api.github.com/repos/joomla-framework/string/zipball/15878f3260eefd443b6af3d9fb34b1e386a5f626",
                "reference": "15878f3260eefd443b6af3d9fb34b1e386a5f626",
                "shasum": ""
            },
            "require": {
                "php": "^8.1.0",
                "symfony/deprecation-contracts": "^2|^3"
            },
            "conflict": {
                "doctrine/inflector": "<1.2"
            },
            "require-dev": {
                "doctrine/inflector": "^1.2",
                "joomla/test": "^3.0",
                "phan/phan": "^5.4.2",
                "phpstan/phpstan": "^2.0",
                "phpstan/phpstan-deprecation-rules": "^2.0",
                "phpunit/phpunit": "^9.5.28",
                "squizlabs/php_codesniffer": "^3.7.2"
            },
            "suggest": {
                "doctrine/inflector": "To use the string inflector",
                "ext-mbstring": "For improved processing"
            },
            "type": "joomla-package",
            "extra": {
                "branch-alias": {
                    "dev-2.0-dev": "2.0-dev",
                    "dev-3.x-dev": "3.0-dev"
                }
            },
            "autoload": {
                "files": [
                    "src/phputf8/utf8.php",
                    "src/phputf8/ord.php",
                    "src/phputf8/str_ireplace.php",
                    "src/phputf8/str_pad.php",
                    "src/phputf8/str_split.php",
                    "src/phputf8/strcasecmp.php",
                    "src/phputf8/strcspn.php",
                    "src/phputf8/stristr.php",
                    "src/phputf8/strrev.php",
                    "src/phputf8/strspn.php",
                    "src/phputf8/trim.php",
                    "src/phputf8/ucfirst.php",
                    "src/phputf8/ucwords.php",
                    "src/phputf8/utils/ascii.php",
                    "src/phputf8/utils/validation.php"
                ],
                "psr-4": {
                    "Joomla\\String\\": "src/"
                }
            },
            "notification-url": "https://packagist.org/downloads/",
            "license": [
                "GPL-2.0-or-later"
            ],
            "description": "Joomla String Package",
            "homepage": "https://github.com/joomla-framework/string",
            "keywords": [
                "framework",
                "joomla",
                "string"
            ],
            "support": {
                "issues": "https://github.com/joomla-framework/string/issues",
                "source": "https://github.com/joomla-framework/string/tree/3.0.2"
            },
            "funding": [
                {
                    "url": "https://community.joomla.org/sponsorship-campaigns.html",
                    "type": "custom"
                },
                {
                    "url": "https://github.com/joomla",
                    "type": "github"
                }
            ],
            "time": "2025-03-31T20:29:53+00:00"
        },
        {
            "name": "loupe/loupe",
            "version": "0.12.4",
            "source": {
                "type": "git",
                "url": "https://github.com/loupe-php/loupe.git",
                "reference": "9be176fcb76fa0f061ab4c9d09993e27375eea61"
            },
            "dist": {
                "type": "zip",
                "url": "https://api.github.com/repos/loupe-php/loupe/zipball/9be176fcb76fa0f061ab4c9d09993e27375eea61",
                "reference": "9be176fcb76fa0f061ab4c9d09993e27375eea61",
                "shasum": ""
            },
            "require": {
                "doctrine/dbal": "^3.9 || ^4.0",
                "doctrine/lexer": "^2.0 || ^3.0",
                "ext-intl": "*",
                "ext-mbstring": "*",
                "loupe/matcher": "^0.1.0",
                "mjaschen/phpgeo": "^5.0 || ^6.0",
                "nitotm/efficient-language-detector": "^3.0",
                "php": "^8.1",
                "psr/log": "^2.0 || ^3.0",
                "toflar/state-set-index": "^3.0",
                "wamania/php-stemmer": "^4.0"
            },
            "require-dev": {
                "phpstan/phpstan": "^2.0",
                "phpunit/phpunit": "^10.5.44",
                "symfony/filesystem": "^6.2",
                "symfony/finder": "^6.2",
                "symfony/var-dumper": "^6.2",
                "symplify/easy-coding-standard": "11.2.4.72"
            },
            "type": "library",
            "autoload": {
                "psr-4": {
                    "Loupe\\Loupe\\": "src/"
                }
            },
            "notification-url": "https://packagist.org/downloads/",
            "license": [
                "MIT"
            ],
            "authors": [
                {
                    "name": "Yanick Witschi",
                    "email": "yanick.witschi@terminal42.ch"
                }
            ],
            "description": "A full text search engine with tokenization, stemming, typo tolerance, filters and geo support based on only PHP and SQLite",
            "support": {
                "issues": "https://github.com/loupe-php/loupe/issues",
                "source": "https://github.com/loupe-php/loupe/tree/0.12.4"
            },
            "funding": [
                {
                    "url": "https://github.com/Toflar",
                    "type": "github"
                }
            ],
            "time": "2025-07-04T07:28:38+00:00"
        },
        {
            "name": "loupe/matcher",
            "version": "0.1.1",
            "source": {
                "type": "git",
                "url": "https://github.com/loupe-php/matcher.git",
                "reference": "9256052c66b36a22eb29a05ee3a5faed71f86a4a"
            },
            "dist": {
                "type": "zip",
                "url": "https://api.github.com/repos/loupe-php/matcher/zipball/9256052c66b36a22eb29a05ee3a5faed71f86a4a",
                "reference": "9256052c66b36a22eb29a05ee3a5faed71f86a4a",
                "shasum": ""
            },
            "require": {
                "ext-intl": "*",
                "php": "^8.1"
            },
            "require-dev": {
                "phpstan/phpstan": "^2.0",
                "phpunit/phpunit": "^10.5",
                "symfony/finder": "^6.2",
                "symplify/easy-coding-standard": "^12.5"
            },
            "type": "library",
            "autoload": {
                "psr-4": {
                    "Loupe\\Matcher\\": "src/"
                }
            },
            "notification-url": "https://packagist.org/downloads/",
            "license": [
                "MIT"
            ],
            "authors": [
                {
                    "name": "Yanick Witschi",
                    "email": "yanick.witschi@terminal42.ch"
                },
                {
                    "name": "Philipp Daun",
                    "email": "daun@daun.ltd"
                }
            ],
            "description": "Highlight and crop around search terms",
            "support": {
                "issues": "https://github.com/loupe-php/matcher/issues",
                "source": "https://github.com/loupe-php/matcher/tree/0.1.1"
            },
            "funding": [
                {
                    "url": "https://github.com/Toflar",
                    "type": "github"
                }
            ],
            "time": "2025-06-20T13:34:08+00:00"
        },
        {
            "name": "mjaschen/phpgeo",
            "version": "6.0.0",
            "source": {
                "type": "git",
                "url": "https://github.com/mjaschen/phpgeo.git",
                "reference": "71074ce618dbaa4f048c8ee6b4e0c2d0e51a0931"
            },
            "dist": {
                "type": "zip",
                "url": "https://api.github.com/repos/mjaschen/phpgeo/zipball/71074ce618dbaa4f048c8ee6b4e0c2d0e51a0931",
                "reference": "71074ce618dbaa4f048c8ee6b4e0c2d0e51a0931",
                "shasum": ""
            },
            "require": {
                "php": "^8.2"
            },
            "require-dev": {
                "phpstan/phpstan": "^2.0",
                "phpunit/phpunit": "^11.0",
                "squizlabs/php_codesniffer": "^3.7"
            },
            "type": "library",
            "autoload": {
                "psr-4": {
                    "Location\\": "src/"
                }
            },
            "notification-url": "https://packagist.org/downloads/",
            "license": [
                "MIT"
            ],
            "authors": [
                {
                    "name": "Marcus Jaschen",
                    "email": "mjaschen@gmail.com",
                    "homepage": "https://www.marcusjaschen.de/"
                }
            ],
            "description": "Simple Yet Powerful Geo Library",
            "homepage": "https://phpgeo.marcusjaschen.de/",
            "keywords": [
                "Polygon",
                "area",
                "bearing",
                "bounds",
                "calculation",
                "coordinate",
                "distance",
                "earth",
                "ellipsoid",
                "geo",
                "geofence",
                "gis",
                "gps",
                "haversine",
                "length",
                "perpendicular",
                "point",
                "polyline",
                "projection",
                "simplify",
                "track",
                "vincenty"
            ],
            "support": {
                "docs": "https://phpgeo.marcusjaschen.de/Installation.html",
                "email": "mjaschen@gmail.com",
                "issues": "https://github.com/mjaschen/phpgeo/issues",
                "source": "https://github.com/mjaschen/phpgeo/tree/6.0.0"
            },
            "funding": [
                {
                    "url": "https://www.paypal.com/paypalme/mjaschen",
                    "type": "custom"
                },
                {
                    "url": "https://github.com/mjaschen",
                    "type": "github"
                }
            ],
            "time": "2025-01-12T09:09:15+00:00"
        },
        {
            "name": "nitotm/efficient-language-detector",
            "version": "v3.0.0",
            "source": {
                "type": "git",
                "url": "https://github.com/nitotm/efficient-language-detector.git",
                "reference": "f7f999d8bfd7e4aaf3fb1cf4ba8ca91ea9bbddab"
            },
            "dist": {
                "type": "zip",
                "url": "https://api.github.com/repos/nitotm/efficient-language-detector/zipball/f7f999d8bfd7e4aaf3fb1cf4ba8ca91ea9bbddab",
                "reference": "f7f999d8bfd7e4aaf3fb1cf4ba8ca91ea9bbddab",
                "shasum": ""
            },
            "require": {
                "ext-mbstring": "*",
                "php": "^7.4 || ^8.0"
            },
            "type": "library",
            "autoload": {
                "psr-4": {
                    "Nitotm\\Eld\\": "src"
                }
            },
            "notification-url": "https://packagist.org/downloads/",
            "license": [
                "Apache-2.0"
            ],
            "authors": [
                {
                    "name": "Nito T.M.",
                    "homepage": "https://github.com/nitotm"
                }
            ],
            "description": "Fast and accurate natural language detection. Detector written in PHP. Nito-ELD, ELD.",
            "homepage": "https://github.com/nitotm/efficient-language-detector",
            "keywords": [
                "detection",
                "detector",
                "language",
                "language classification",
                "language detection",
                "language detector",
                "language identification",
                "language recognition"
            ],
            "support": {
                "issues": "https://github.com/nitotm/efficient-language-detector/issues",
                "source": "https://github.com/nitotm/efficient-language-detector/tree/v3.0.0"
            },
            "time": "2024-10-10T17:53:50+00:00"
        },
        {
            "name": "psr/cache",
            "version": "3.0.0",
            "source": {
                "type": "git",
                "url": "https://github.com/php-fig/cache.git",
                "reference": "aa5030cfa5405eccfdcb1083ce040c2cb8d253bf"
            },
            "dist": {
                "type": "zip",
                "url": "https://api.github.com/repos/php-fig/cache/zipball/aa5030cfa5405eccfdcb1083ce040c2cb8d253bf",
                "reference": "aa5030cfa5405eccfdcb1083ce040c2cb8d253bf",
                "shasum": ""
            },
            "require": {
                "php": ">=8.0.0"
            },
            "type": "library",
            "extra": {
                "branch-alias": {
                    "dev-master": "1.0.x-dev"
                }
            },
            "autoload": {
                "psr-4": {
                    "Psr\\Cache\\": "src/"
                }
            },
            "notification-url": "https://packagist.org/downloads/",
            "license": [
                "MIT"
            ],
            "authors": [
                {
                    "name": "PHP-FIG",
                    "homepage": "https://www.php-fig.org/"
                }
            ],
            "description": "Common interface for caching libraries",
            "keywords": [
                "cache",
                "psr",
                "psr-6"
            ],
            "support": {
                "source": "https://github.com/php-fig/cache/tree/3.0.0"
            },
            "time": "2021-02-03T23:26:27+00:00"
        },
        {
            "name": "psr/log",
            "version": "3.0.2",
            "source": {
                "type": "git",
                "url": "https://github.com/php-fig/log.git",
                "reference": "f16e1d5863e37f8d8c2a01719f5b34baa2b714d3"
            },
            "dist": {
                "type": "zip",
                "url": "https://api.github.com/repos/php-fig/log/zipball/f16e1d5863e37f8d8c2a01719f5b34baa2b714d3",
                "reference": "f16e1d5863e37f8d8c2a01719f5b34baa2b714d3",
                "shasum": ""
            },
            "require": {
                "php": ">=8.0.0"
            },
            "type": "library",
            "extra": {
                "branch-alias": {
                    "dev-master": "3.x-dev"
                }
            },
            "autoload": {
                "psr-4": {
                    "Psr\\Log\\": "src"
                }
            },
            "notification-url": "https://packagist.org/downloads/",
            "license": [
                "MIT"
            ],
            "authors": [
                {
                    "name": "PHP-FIG",
                    "homepage": "https://www.php-fig.org/"
                }
            ],
            "description": "Common interface for logging libraries",
            "homepage": "https://github.com/php-fig/log",
            "keywords": [
                "log",
                "psr",
                "psr-3"
            ],
            "support": {
                "source": "https://github.com/php-fig/log/tree/3.0.2"
            },
            "time": "2024-09-11T13:17:53+00:00"
        },
        {
            "name": "symfony/deprecation-contracts",
            "version": "v3.6.0",
            "source": {
                "type": "git",
                "url": "https://github.com/symfony/deprecation-contracts.git",
                "reference": "63afe740e99a13ba87ec199bb07bbdee937a5b62"
            },
            "dist": {
                "type": "zip",
                "url": "https://api.github.com/repos/symfony/deprecation-contracts/zipball/63afe740e99a13ba87ec199bb07bbdee937a5b62",
                "reference": "63afe740e99a13ba87ec199bb07bbdee937a5b62",
                "shasum": ""
            },
            "require": {
                "php": ">=8.1"
            },
            "type": "library",
            "extra": {
                "thanks": {
                    "url": "https://github.com/symfony/contracts",
                    "name": "symfony/contracts"
                },
                "branch-alias": {
                    "dev-main": "3.6-dev"
                }
            },
            "autoload": {
                "files": [
                    "function.php"
                ]
            },
            "notification-url": "https://packagist.org/downloads/",
            "license": [
                "MIT"
            ],
            "authors": [
                {
                    "name": "Nicolas Grekas",
                    "email": "p@tchwork.com"
                },
                {
                    "name": "Symfony Community",
                    "homepage": "https://symfony.com/contributors"
                }
            ],
            "description": "A generic function and convention to trigger deprecation notices",
            "homepage": "https://symfony.com",
            "support": {
                "source": "https://github.com/symfony/deprecation-contracts/tree/v3.6.0"
            },
            "funding": [
                {
                    "url": "https://symfony.com/sponsor",
                    "type": "custom"
                },
                {
                    "url": "https://github.com/fabpot",
                    "type": "github"
                },
                {
                    "url": "https://tidelift.com/funding/github/packagist/symfony/symfony",
                    "type": "tidelift"
                }
            ],
            "time": "2024-09-25T14:21:43+00:00"
        },
        {
            "name": "toflar/state-set-index",
            "version": "3.0.2",
            "source": {
                "type": "git",
                "url": "https://github.com/Toflar/state-set-index.git",
                "reference": "cbf92f75533c007542bb845a51d81980c964b69a"
            },
            "dist": {
                "type": "zip",
                "url": "https://api.github.com/repos/Toflar/state-set-index/zipball/cbf92f75533c007542bb845a51d81980c964b69a",
                "reference": "cbf92f75533c007542bb845a51d81980c964b69a",
                "shasum": ""
            },
            "require": {
                "ext-mbstring": "*",
                "php": "^8.1"
            },
            "require-dev": {
                "phpunit/phpunit": "^10.2",
                "symplify/easy-coding-standard": "^11.3"
            },
            "type": "library",
            "autoload": {
                "psr-4": {
                    "Toflar\\StateSetIndex\\": "src/"
                }
            },
            "notification-url": "https://packagist.org/downloads/",
            "license": [
                "MIT"
            ],
            "authors": [
                {
                    "name": "Yanick Witschi",
                    "email": "yanick.witschi@terminal42.ch"
                }
            ],
            "description": "Implementation of the State Set Index Algorithm",
            "support": {
                "issues": "https://github.com/Toflar/state-set-index/issues",
                "source": "https://github.com/Toflar/state-set-index/tree/3.0.2"
            },
            "time": "2024-12-07T09:46:08+00:00"
        },
        {
            "name": "wamania/php-stemmer",
            "version": "v4.0.0",
            "source": {
                "type": "git",
                "url": "https://github.com/wamania/php-stemmer.git",
                "reference": "d96509294ea843b4b86e4900df27424a6ea0ace8"
            },
            "dist": {
                "type": "zip",
                "url": "https://api.github.com/repos/wamania/php-stemmer/zipball/d96509294ea843b4b86e4900df27424a6ea0ace8",
                "reference": "d96509294ea843b4b86e4900df27424a6ea0ace8",
                "shasum": ""
            },
            "require": {
                "joomla/string": ">=2.0.1",
                "php": ">=7.3"
            },
            "require-dev": {
                "phpunit/phpunit": "^9.0"
            },
            "type": "library",
            "autoload": {
                "psr-4": {
                    "Wamania\\Snowball\\": "src/"
                }
            },
            "notification-url": "https://packagist.org/downloads/",
            "license": [
                "MIT"
            ],
            "authors": [
                {
                    "name": "Wamania",
                    "homepage": "http://wamania.com"
                }
            ],
            "description": "Native PHP Stemmer",
            "keywords": [
                "php",
                "porter",
                "stemmer"
            ],
            "support": {
                "issues": "https://github.com/wamania/php-stemmer/issues",
                "source": "https://github.com/wamania/php-stemmer/tree/v4.0.0"
            },
            "time": "2024-12-22T08:54:03+00:00"
        }
    ],
    "packages-dev": [],
    "aliases": [],
    "minimum-stability": "stable",
    "stability-flags": {},
    "prefer-stable": false,
    "prefer-lowest": false,
    "platform": {},
    "platform-dev": {},
    "plugin-api-version": "2.6.0"
}
