{
    "_readme": [
        "This file locks the dependencies of your project to a known state",
        "Read more about it at https://getcomposer.org/doc/01-basic-usage.md#installing-dependencies",
        "This file is @generated automatically"
    ],
    "content-hash": "9041fc05a5ef26f89487c077fda586d9",
    "packages": [
        {
            "name": "algolia/algoliasearch-client-php",
            "version": "4.26.0",
            "source": {
                "type": "git",
                "url": "https://github.com/algolia/algoliasearch-client-php.git",
                "reference": "08ccaa16a5f710f4cb7e4f8ca3c4f896f1205e3f"
            },
            "dist": {
                "type": "zip",
                "url": "https://api.github.com/repos/algolia/algoliasearch-client-php/zipball/08ccaa16a5f710f4cb7e4f8ca3c4f896f1205e3f",
                "reference": "08ccaa16a5f710f4cb7e4f8ca3c4f896f1205e3f",
                "shasum": ""
            },
            "require": {
                "ext-curl": "*",
                "ext-json": "*",
                "ext-mbstring": "*",
                "guzzlehttp/psr7": "^2.0",
                "php": ">=8.1 !=8.3.0",
                "psr/http-message": "^1.1 || ^2.0",
                "psr/log": "^1.0 || ^2.0 || ^3.0",
                "psr/simple-cache": "^1.0 || ^2.0 || ^3.0"
            },
            "require-dev": {
                "friendsofphp/php-cs-fixer": "^2.0 || ^3.5.0",
                "phpstan/phpstan": "^1.12",
                "phpunit/phpunit": "^11.0",
                "vlucas/phpdotenv": "^5.4"
            },
            "suggest": {
                "guzzlehttp/guzzle": "If you prefer to use Guzzle HTTP client instead of the Http Client implementation provided by the package"
            },
            "type": "library",
            "autoload": {
                "files": [
                    "lib/Http/Psr7/functions.php"
                ],
                "psr-4": {
                    "Algolia\\AlgoliaSearch\\": "lib/"
                }
            },
            "notification-url": "https://packagist.org/downloads/",
            "license": [
                "MIT"
            ],
            "authors": [
                {
                    "name": "Algolia Team",
                    "homepage": "https://alg.li/support"
                }
            ],
            "description": "API powering the features of Algolia.",
            "homepage": "https://github.com/algolia/algoliasearch-client-php",
            "keywords": [
                "algolia",
                "api",
                "client",
                "php",
                "search"
            ],
            "support": {
                "issues": "https://github.com/algolia/algoliasearch-client-php/issues",
                "source": "https://github.com/algolia/algoliasearch-client-php/tree/4.26.0"
            },
            "time": "2025-07-29T14:33:37+00:00"
        },
        {
            "name": "doctrine/dbal",
            "version": "4.3.2",
            "source": {
                "type": "git",
                "url": "https://github.com/doctrine/dbal.git",
                "reference": "7669f131d43b880de168b2d2df9687d152d6c762"
            },
            "dist": {
                "type": "zip",
                "url": "https://api.github.com/repos/doctrine/dbal/zipball/7669f131d43b880de168b2d2df9687d152d6c762",
                "reference": "7669f131d43b880de168b2d2df9687d152d6c762",
                "shasum": ""
            },
            "require": {
                "doctrine/deprecations": "^1.1.5",
                "php": "^8.2",
                "psr/cache": "^1|^2|^3",
                "psr/log": "^1|^2|^3"
            },
            "require-dev": {
                "doctrine/coding-standard": "13.0.0",
                "fig/log-test": "^1",
                "jetbrains/phpstorm-stubs": "2023.2",
                "phpstan/phpstan": "2.1.17",
                "phpstan/phpstan-phpunit": "2.0.6",
                "phpstan/phpstan-strict-rules": "^2",
                "phpunit/phpunit": "11.5.23",
                "slevomat/coding-standard": "8.16.2",
                "squizlabs/php_codesniffer": "3.13.1",
                "symfony/cache": "^6.3.8|^7.0",
                "symfony/console": "^5.4|^6.3|^7.0"
            },
            "suggest": {
                "symfony/console": "For helpful console commands such as SQL execution and import of files."
            },
            "type": "library",
            "autoload": {
                "psr-4": {
                    "Doctrine\\DBAL\\": "src"
                }
            },
            "notification-url": "https://packagist.org/downloads/",
            "license": [
                "MIT"
            ],
            "authors": [
                {
                    "name": "Guilherme Blanco",
                    "email": "guilhermeblanco@gmail.com"
                },
                {
                    "name": "Roman Borschel",
                    "email": "roman@code-factory.org"
                },
                {
                    "name": "Benjamin Eberlei",
                    "email": "kontakt@beberlei.de"
                },
                {
                    "name": "Jonathan Wage",
                    "email": "jonwage@gmail.com"
                }
            ],
            "description": "Powerful PHP database abstraction layer (DBAL) with many features for database schema introspection and management.",
            "homepage": "https://www.doctrine-project.org/projects/dbal.html",
            "keywords": [
                "abstraction",
                "database",
                "db2",
                "dbal",
                "mariadb",
                "mssql",
                "mysql",
                "oci8",
                "oracle",
                "pdo",
                "pgsql",
                "postgresql",
                "queryobject",
                "sasql",
                "sql",
                "sqlite",
                "sqlserver",
                "sqlsrv"
            ],
            "support": {
                "issues": "https://github.com/doctrine/dbal/issues",
                "source": "https://github.com/doctrine/dbal/tree/4.3.2"
            },
            "funding": [
                {
                    "url": "https://www.doctrine-project.org/sponsorship.html",
                    "type": "custom"
                },
                {
                    "url": "https://www.patreon.com/phpdoctrine",
                    "type": "patreon"
                },
                {
                    "url": "https://tidelift.com/funding/github/packagist/doctrine%2Fdbal",
                    "type": "tidelift"
                }
            ],
            "time": "2025-08-05T13:30:38+00:00"
        },
        {
            "name": "doctrine/deprecations",
            "version": "1.1.5",
            "source": {
                "type": "git",
                "url": "https://github.com/doctrine/deprecations.git",
                "reference": "459c2f5dd3d6a4633d3b5f46ee2b1c40f57d3f38"
            },
            "dist": {
                "type": "zip",
                "url": "https://api.github.com/repos/doctrine/deprecations/zipball/459c2f5dd3d6a4633d3b5f46ee2b1c40f57d3f38",
                "reference": "459c2f5dd3d6a4633d3b5f46ee2b1c40f57d3f38",
                "shasum": ""
            },
            "require": {
                "php": "^7.1 || ^8.0"
            },
            "conflict": {
                "phpunit/phpunit": "<=7.5 || >=13"
            },
            "require-dev": {
                "doctrine/coding-standard": "^9 || ^12 || ^13",
                "phpstan/phpstan": "1.4.10 || 2.1.11",
                "phpstan/phpstan-phpunit": "^1.0 || ^2",
                "phpunit/phpunit": "^7.5 || ^8.5 || ^9.6 || ^10.5 || ^11.5 || ^12",
                "psr/log": "^1 || ^2 || ^3"
            },
            "suggest": {
                "psr/log": "Allows logging deprecations via PSR-3 logger implementation"
            },
            "type": "library",
            "autoload": {
                "psr-4": {
                    "Doctrine\\Deprecations\\": "src"
                }
            },
            "notification-url": "https://packagist.org/downloads/",
            "license": [
                "MIT"
            ],
            "description": "A small layer on top of trigger_error(E_USER_DEPRECATED) or PSR-3 logging with options to disable all deprecations or selectively for packages.",
            "homepage": "https://www.doctrine-project.org/",
            "support": {
                "issues": "https://github.com/doctrine/deprecations/issues",
                "source": "https://github.com/doctrine/deprecations/tree/1.1.5"
            },
            "time": "2025-04-07T20:06:18+00:00"
        },
        {
            "name": "doctrine/lexer",
            "version": "3.0.1",
            "source": {
                "type": "git",
                "url": "https://github.com/doctrine/lexer.git",
                "reference": "31ad66abc0fc9e1a1f2d9bc6a42668d2fbbcd6dd"
            },
            "dist": {
                "type": "zip",
                "url": "https://api.github.com/repos/doctrine/lexer/zipball/31ad66abc0fc9e1a1f2d9bc6a42668d2fbbcd6dd",
                "reference": "31ad66abc0fc9e1a1f2d9bc6a42668d2fbbcd6dd",
                "shasum": ""
            },
            "require": {
                "php": "^8.1"
            },
            "require-dev": {
                "doctrine/coding-standard": "^12",
                "phpstan/phpstan": "^1.10",
                "phpunit/phpunit": "^10.5",
                "psalm/plugin-phpunit": "^0.18.3",
                "vimeo/psalm": "^5.21"
            },
            "type": "library",
            "autoload": {
                "psr-4": {
                    "Doctrine\\Common\\Lexer\\": "src"
                }
            },
            "notification-url": "https://packagist.org/downloads/",
            "license": [
                "MIT"
            ],
            "authors": [
                {
                    "name": "Guilherme Blanco",
                    "email": "guilhermeblanco@gmail.com"
                },
                {
                    "name": "Roman Borschel",
                    "email": "roman@code-factory.org"
                },
                {
                    "name": "Johannes Schmitt",
                    "email": "schmittjoh@gmail.com"
                }
            ],
            "description": "PHP Doctrine Lexer parser library that can be used in Top-Down, Recursive Descent Parsers.",
            "homepage": "https://www.doctrine-project.org/projects/lexer.html",
            "keywords": [
                "annotations",
                "docblock",
                "lexer",
                "parser",
                "php"
            ],
            "support": {
                "issues": "https://github.com/doctrine/lexer/issues",
                "source": "https://github.com/doctrine/lexer/tree/3.0.1"
            },
            "funding": [
                {
                    "url": "https://www.doctrine-project.org/sponsorship.html",
                    "type": "custom"
                },
                {
                    "url": "https://www.patreon.com/phpdoctrine",
                    "type": "patreon"
                },
                {
                    "url": "https://tidelift.com/funding/github/packagist/doctrine%2Flexer",
                    "type": "tidelift"
                }
            ],
            "time": "2024-02-05T11:56:58+00:00"
        },
        {
            "name": "guzzlehttp/psr7",
            "version": "2.7.1",
            "source": {
                "type": "git",
                "url": "https://github.com/guzzle/psr7.git",
                "reference": "c2270caaabe631b3b44c85f99e5a04bbb8060d16"
            },
            "dist": {
                "type": "zip",
                "url": "https://api.github.com/repos/guzzle/psr7/zipball/c2270caaabe631b3b44c85f99e5a04bbb8060d16",
                "reference": "c2270caaabe631b3b44c85f99e5a04bbb8060d16",
                "shasum": ""
            },
            "require": {
                "php": "^7.2.5 || ^8.0",
                "psr/http-factory": "^1.0",
                "psr/http-message": "^1.1 || ^2.0",
                "ralouphie/getallheaders": "^3.0"
            },
            "provide": {
                "psr/http-factory-implementation": "1.0",
                "psr/http-message-implementation": "1.0"
            },
            "require-dev": {
                "bamarni/composer-bin-plugin": "^1.8.2",
                "http-interop/http-factory-tests": "0.9.0",
                "phpunit/phpunit": "^8.5.39 || ^9.6.20"
            },
            "suggest": {
                "laminas/laminas-httphandlerrunner": "Emit PSR-7 responses"
            },
            "type": "library",
            "extra": {
                "bamarni-bin": {
                    "bin-links": true,
                    "forward-command": false
                }
            },
            "autoload": {
                "psr-4": {
                    "GuzzleHttp\\Psr7\\": "src/"
                }
            },
            "notification-url": "https://packagist.org/downloads/",
            "license": [
                "MIT"
            ],
            "authors": [
                {
                    "name": "Graham Campbell",
                    "email": "hello@gjcampbell.co.uk",
                    "homepage": "https://github.com/GrahamCampbell"
                },
                {
                    "name": "Michael Dowling",
                    "email": "mtdowling@gmail.com",
                    "homepage": "https://github.com/mtdowling"
                },
                {
                    "name": "George Mponos",
                    "email": "gmponos@gmail.com",
                    "homepage": "https://github.com/gmponos"
                },
                {
                    "name": "Tobias Nyholm",
                    "email": "tobias.nyholm@gmail.com",
                    "homepage": "https://github.com/Nyholm"
                },
                {
                    "name": "Márk Sági-Kazár",
                    "email": "mark.sagikazar@gmail.com",
                    "homepage": "https://github.com/sagikazarmark"
                },
                {
                    "name": "Tobias Schultze",
                    "email": "webmaster@tubo-world.de",
                    "homepage": "https://github.com/Tobion"
                },
                {
                    "name": "Márk Sági-Kazár",
                    "email": "mark.sagikazar@gmail.com",
                    "homepage": "https://sagikazarmark.hu"
                }
            ],
            "description": "PSR-7 message implementation that also provides common utility methods",
            "keywords": [
                "http",
                "message",
                "psr-7",
                "request",
                "response",
                "stream",
                "uri",
                "url"
            ],
            "support": {
                "issues": "https://github.com/guzzle/psr7/issues",
                "source": "https://github.com/guzzle/psr7/tree/2.7.1"
            },
            "funding": [
                {
                    "url": "https://github.com/GrahamCampbell",
                    "type": "github"
                },
                {
                    "url": "https://github.com/Nyholm",
                    "type": "github"
                },
                {
                    "url": "https://tidelift.com/funding/github/packagist/guzzlehttp/psr7",
                    "type": "tidelift"
                }
            ],
            "time": "2025-03-27T12:30:47+00:00"
        },
        {
            "name": "joomla/string",
            "version": "4.0.0",
            "source": {
                "type": "git",
                "url": "https://github.com/joomla-framework/string.git",
                "reference": "da2329e05f1f5fc98b709f8638f279513bcd1108"
            },
            "dist": {
                "type": "zip",
                "url": "https://api.github.com/repos/joomla-framework/string/zipball/da2329e05f1f5fc98b709f8638f279513bcd1108",
                "reference": "da2329e05f1f5fc98b709f8638f279513bcd1108",
                "shasum": ""
            },
            "require": {
                "php": "^8.3.0",
                "symfony/deprecation-contracts": "^2|^3",
                "symfony/polyfill-mbstring": "^1.31.0"
            },
            "require-dev": {
                "doctrine/inflector": "^2.0.10",
                "joomla/test": "^4.0",
                "phpstan/phpstan": "2.1.17",
                "phpstan/phpstan-deprecation-rules": "2.0.3",
                "phpunit/phpunit": "^12.2.6",
                "squizlabs/php_codesniffer": "^3.7.2"
            },
            "suggest": {
                "doctrine/inflector": "To use the string inflector",
                "ext-mbstring": "For improved processing"
            },
            "type": "joomla-package",
            "autoload": {
                "psr-4": {
                    "Joomla\\String\\": "src/"
                }
            },
            "notification-url": "https://packagist.org/downloads/",
            "license": [
                "GPL-2.0-or-later"
            ],
            "description": "Joomla String Package",
            "homepage": "https://github.com/joomla-framework/string",
            "keywords": [
                "framework",
                "joomla",
                "string"
            ],
            "support": {
                "issues": "https://github.com/joomla-framework/string/issues",
                "source": "https://github.com/joomla-framework/string/tree/4.0.0"
            },
            "time": "2025-07-23T18:42:26+00:00"
        },
        {
            "name": "loupe/loupe",
            "version": "0.12.12",
            "source": {
                "type": "git",
                "url": "https://github.com/loupe-php/loupe.git",
                "reference": "da974a53f9ab7d3ba99241b638450f0aa35b2d26"
            },
            "dist": {
                "type": "zip",
                "url": "https://api.github.com/repos/loupe-php/loupe/zipball/da974a53f9ab7d3ba99241b638450f0aa35b2d26",
                "reference": "da974a53f9ab7d3ba99241b638450f0aa35b2d26",
                "shasum": ""
            },
            "require": {
                "doctrine/dbal": "^3.9 || ^4.0",
                "doctrine/lexer": "^2.0 || ^3.0",
                "ext-intl": "*",
                "ext-mbstring": "*",
                "loupe/matcher": "^0.2",
                "mjaschen/phpgeo": "^5.0 || ^6.0",
                "nitotm/efficient-language-detector": "^3.0",
                "php": "^8.1",
                "psr/log": "^2.0 || ^3.0",
                "toflar/state-set-index": "^3.0",
                "wamania/php-stemmer": "^4.0"
            },
            "require-dev": {
                "phpstan/phpstan": "^2.0",
                "phpunit/phpunit": "^10.5.44",
                "symfony/filesystem": "^6.2",
                "symfony/finder": "^6.2",
                "symfony/var-dumper": "^6.2",
                "symplify/easy-coding-standard": "11.2.4.72"
            },
            "type": "library",
            "autoload": {
                "psr-4": {
                    "Loupe\\Loupe\\": "src/"
                }
            },
            "notification-url": "https://packagist.org/downloads/",
            "license": [
                "MIT"
            ],
            "authors": [
                {
                    "name": "Yanick Witschi",
                    "email": "yanick.witschi@terminal42.ch"
                }
            ],
            "description": "A full text search engine with tokenization, stemming, typo tolerance, filters and geo support based on only PHP and SQLite",
            "support": {
                "issues": "https://github.com/loupe-php/loupe/issues",
                "source": "https://github.com/loupe-php/loupe/tree/0.12.12"
            },
            "funding": [
                {
                    "url": "https://github.com/Toflar",
                    "type": "github"
                }
            ],
            "time": "2025-08-05T12:20:09+00:00"
        },
        {
            "name": "loupe/matcher",
            "version": "0.2.0",
            "source": {
                "type": "git",
                "url": "https://github.com/loupe-php/matcher.git",
                "reference": "298d7855200f4d7e45bea3165c3c64753689354c"
            },
            "dist": {
                "type": "zip",
                "url": "https://api.github.com/repos/loupe-php/matcher/zipball/298d7855200f4d7e45bea3165c3c64753689354c",
                "reference": "298d7855200f4d7e45bea3165c3c64753689354c",
                "shasum": ""
            },
            "require": {
                "ext-intl": "*",
                "php": "^8.1"
            },
            "require-dev": {
                "phpstan/phpstan": "^2.0",
                "phpunit/phpunit": "^10.5",
                "symfony/finder": "^6.2",
                "symplify/easy-coding-standard": "^12.5"
            },
            "type": "library",
            "autoload": {
                "psr-4": {
                    "Loupe\\Matcher\\": "src/"
                }
            },
            "notification-url": "https://packagist.org/downloads/",
            "license": [
                "MIT"
            ],
            "authors": [
                {
                    "name": "Yanick Witschi",
                    "email": "yanick.witschi@terminal42.ch"
                },
                {
                    "name": "Philipp Daun",
                    "email": "daun@daun.ltd"
                }
            ],
            "description": "Highlight and crop around search terms",
            "support": {
                "issues": "https://github.com/loupe-php/matcher/issues",
                "source": "https://github.com/loupe-php/matcher/tree/0.2.0"
            },
            "funding": [
                {
                    "url": "https://github.com/Toflar",
                    "type": "github"
                }
            ],
            "time": "2025-07-14T10:59:43+00:00"
        },
        {
            "name": "mjaschen/phpgeo",
            "version": "6.0.0",
            "source": {
                "type": "git",
                "url": "https://github.com/mjaschen/phpgeo.git",
                "reference": "71074ce618dbaa4f048c8ee6b4e0c2d0e51a0931"
            },
            "dist": {
                "type": "zip",
                "url": "https://api.github.com/repos/mjaschen/phpgeo/zipball/71074ce618dbaa4f048c8ee6b4e0c2d0e51a0931",
                "reference": "71074ce618dbaa4f048c8ee6b4e0c2d0e51a0931",
                "shasum": ""
            },
            "require": {
                "php": "^8.2"
            },
            "require-dev": {
                "phpstan/phpstan": "^2.0",
                "phpunit/phpunit": "^11.0",
                "squizlabs/php_codesniffer": "^3.7"
            },
            "type": "library",
            "autoload": {
                "psr-4": {
                    "Location\\": "src/"
                }
            },
            "notification-url": "https://packagist.org/downloads/",
            "license": [
                "MIT"
            ],
            "authors": [
                {
                    "name": "Marcus Jaschen",
                    "email": "mjaschen@gmail.com",
                    "homepage": "https://www.marcusjaschen.de/"
                }
            ],
            "description": "Simple Yet Powerful Geo Library",
            "homepage": "https://phpgeo.marcusjaschen.de/",
            "keywords": [
                "Polygon",
                "area",
                "bearing",
                "bounds",
                "calculation",
                "coordinate",
                "distance",
                "earth",
                "ellipsoid",
                "geo",
                "geofence",
                "gis",
                "gps",
                "haversine",
                "length",
                "perpendicular",
                "point",
                "polyline",
                "projection",
                "simplify",
                "track",
                "vincenty"
            ],
            "support": {
                "docs": "https://phpgeo.marcusjaschen.de/Installation.html",
                "email": "mjaschen@gmail.com",
                "issues": "https://github.com/mjaschen/phpgeo/issues",
                "source": "https://github.com/mjaschen/phpgeo/tree/6.0.0"
            },
            "funding": [
                {
                    "url": "https://www.paypal.com/paypalme/mjaschen",
                    "type": "custom"
                },
                {
                    "url": "https://github.com/mjaschen",
                    "type": "github"
                }
            ],
            "time": "2025-01-12T09:09:15+00:00"
        },
        {
            "name": "nitotm/efficient-language-detector",
            "version": "v3.0.0",
            "source": {
                "type": "git",
                "url": "https://github.com/nitotm/efficient-language-detector.git",
                "reference": "f7f999d8bfd7e4aaf3fb1cf4ba8ca91ea9bbddab"
            },
            "dist": {
                "type": "zip",
                "url": "https://api.github.com/repos/nitotm/efficient-language-detector/zipball/f7f999d8bfd7e4aaf3fb1cf4ba8ca91ea9bbddab",
                "reference": "f7f999d8bfd7e4aaf3fb1cf4ba8ca91ea9bbddab",
                "shasum": ""
            },
            "require": {
                "ext-mbstring": "*",
                "php": "^7.4 || ^8.0"
            },
            "type": "library",
            "autoload": {
                "psr-4": {
                    "Nitotm\\Eld\\": "src"
                }
            },
            "notification-url": "https://packagist.org/downloads/",
            "license": [
                "Apache-2.0"
            ],
            "authors": [
                {
                    "name": "Nito T.M.",
                    "homepage": "https://github.com/nitotm"
                }
            ],
            "description": "Fast and accurate natural language detection. Detector written in PHP. Nito-ELD, ELD.",
            "homepage": "https://github.com/nitotm/efficient-language-detector",
            "keywords": [
                "detection",
                "detector",
                "language",
                "language classification",
                "language detection",
                "language detector",
                "language identification",
                "language recognition"
            ],
            "support": {
                "issues": "https://github.com/nitotm/efficient-language-detector/issues",
                "source": "https://github.com/nitotm/efficient-language-detector/tree/v3.0.0"
            },
            "time": "2024-10-10T17:53:50+00:00"
        },
        {
            "name": "psr/cache",
            "version": "3.0.0",
            "source": {
                "type": "git",
                "url": "https://github.com/php-fig/cache.git",
                "reference": "aa5030cfa5405eccfdcb1083ce040c2cb8d253bf"
            },
            "dist": {
                "type": "zip",
                "url": "https://api.github.com/repos/php-fig/cache/zipball/aa5030cfa5405eccfdcb1083ce040c2cb8d253bf",
                "reference": "aa5030cfa5405eccfdcb1083ce040c2cb8d253bf",
                "shasum": ""
            },
            "require": {
                "php": ">=8.0.0"
            },
            "type": "library",
            "extra": {
                "branch-alias": {
                    "dev-master": "1.0.x-dev"
                }
            },
            "autoload": {
                "psr-4": {
                    "Psr\\Cache\\": "src/"
                }
            },
            "notification-url": "https://packagist.org/downloads/",
            "license": [
                "MIT"
            ],
            "authors": [
                {
                    "name": "PHP-FIG",
                    "homepage": "https://www.php-fig.org/"
                }
            ],
            "description": "Common interface for caching libraries",
            "keywords": [
                "cache",
                "psr",
                "psr-6"
            ],
            "support": {
                "source": "https://github.com/php-fig/cache/tree/3.0.0"
            },
            "time": "2021-02-03T23:26:27+00:00"
        },
        {
            "name": "psr/http-factory",
            "version": "1.1.0",
            "source": {
                "type": "git",
                "url": "https://github.com/php-fig/http-factory.git",
                "reference": "2b4765fddfe3b508ac62f829e852b1501d3f6e8a"
            },
            "dist": {
                "type": "zip",
                "url": "https://api.github.com/repos/php-fig/http-factory/zipball/2b4765fddfe3b508ac62f829e852b1501d3f6e8a",
                "reference": "2b4765fddfe3b508ac62f829e852b1501d3f6e8a",
                "shasum": ""
            },
            "require": {
                "php": ">=7.1",
                "psr/http-message": "^1.0 || ^2.0"
            },
            "type": "library",
            "extra": {
                "branch-alias": {
                    "dev-master": "1.0.x-dev"
                }
            },
            "autoload": {
                "psr-4": {
                    "Psr\\Http\\Message\\": "src/"
                }
            },
            "notification-url": "https://packagist.org/downloads/",
            "license": [
                "MIT"
            ],
            "authors": [
                {
                    "name": "PHP-FIG",
                    "homepage": "https://www.php-fig.org/"
                }
            ],
            "description": "PSR-17: Common interfaces for PSR-7 HTTP message factories",
            "keywords": [
                "factory",
                "http",
                "message",
                "psr",
                "psr-17",
                "psr-7",
                "request",
                "response"
            ],
            "support": {
                "source": "https://github.com/php-fig/http-factory"
            },
            "time": "2024-04-15T12:06:14+00:00"
        },
        {
            "name": "psr/http-message",
            "version": "2.0",
            "source": {
                "type": "git",
                "url": "https://github.com/php-fig/http-message.git",
                "reference": "402d35bcb92c70c026d1a6a9883f06b2ead23d71"
            },
            "dist": {
                "type": "zip",
                "url": "https://api.github.com/repos/php-fig/http-message/zipball/402d35bcb92c70c026d1a6a9883f06b2ead23d71",
                "reference": "402d35bcb92c70c026d1a6a9883f06b2ead23d71",
                "shasum": ""
            },
            "require": {
                "php": "^7.2 || ^8.0"
            },
            "type": "library",
            "extra": {
                "branch-alias": {
                    "dev-master": "2.0.x-dev"
                }
            },
            "autoload": {
                "psr-4": {
                    "Psr\\Http\\Message\\": "src/"
                }
            },
            "notification-url": "https://packagist.org/downloads/",
            "license": [
                "MIT"
            ],
            "authors": [
                {
                    "name": "PHP-FIG",
                    "homepage": "https://www.php-fig.org/"
                }
            ],
            "description": "Common interface for HTTP messages",
            "homepage": "https://github.com/php-fig/http-message",
            "keywords": [
                "http",
                "http-message",
                "psr",
                "psr-7",
                "request",
                "response"
            ],
            "support": {
                "source": "https://github.com/php-fig/http-message/tree/2.0"
            },
            "time": "2023-04-04T09:54:51+00:00"
        },
        {
            "name": "psr/log",
            "version": "3.0.2",
            "source": {
                "type": "git",
                "url": "https://github.com/php-fig/log.git",
                "reference": "f16e1d5863e37f8d8c2a01719f5b34baa2b714d3"
            },
            "dist": {
                "type": "zip",
                "url": "https://api.github.com/repos/php-fig/log/zipball/f16e1d5863e37f8d8c2a01719f5b34baa2b714d3",
                "reference": "f16e1d5863e37f8d8c2a01719f5b34baa2b714d3",
                "shasum": ""
            },
            "require": {
                "php": ">=8.0.0"
            },
            "type": "library",
            "extra": {
                "branch-alias": {
                    "dev-master": "3.x-dev"
                }
            },
            "autoload": {
                "psr-4": {
                    "Psr\\Log\\": "src"
                }
            },
            "notification-url": "https://packagist.org/downloads/",
            "license": [
                "MIT"
            ],
            "authors": [
                {
                    "name": "PHP-FIG",
                    "homepage": "https://www.php-fig.org/"
                }
            ],
            "description": "Common interface for logging libraries",
            "homepage": "https://github.com/php-fig/log",
            "keywords": [
                "log",
                "psr",
                "psr-3"
            ],
            "support": {
                "source": "https://github.com/php-fig/log/tree/3.0.2"
            },
            "time": "2024-09-11T13:17:53+00:00"
        },
        {
            "name": "psr/simple-cache",
            "version": "3.0.0",
            "source": {
                "type": "git",
                "url": "https://github.com/php-fig/simple-cache.git",
                "reference": "764e0b3939f5ca87cb904f570ef9be2d78a07865"
            },
            "dist": {
                "type": "zip",
                "url": "https://api.github.com/repos/php-fig/simple-cache/zipball/764e0b3939f5ca87cb904f570ef9be2d78a07865",
                "reference": "764e0b3939f5ca87cb904f570ef9be2d78a07865",
                "shasum": ""
            },
            "require": {
                "php": ">=8.0.0"
            },
            "type": "library",
            "extra": {
                "branch-alias": {
                    "dev-master": "3.0.x-dev"
                }
            },
            "autoload": {
                "psr-4": {
                    "Psr\\SimpleCache\\": "src/"
                }
            },
            "notification-url": "https://packagist.org/downloads/",
            "license": [
                "MIT"
            ],
            "authors": [
                {
                    "name": "PHP-FIG",
                    "homepage": "https://www.php-fig.org/"
                }
            ],
            "description": "Common interfaces for simple caching",
            "keywords": [
                "cache",
                "caching",
                "psr",
                "psr-16",
                "simple-cache"
            ],
            "support": {
                "source": "https://github.com/php-fig/simple-cache/tree/3.0.0"
            },
            "time": "2021-10-29T13:26:27+00:00"
        },
        {
            "name": "ralouphie/getallheaders",
            "version": "3.0.3",
            "source": {
                "type": "git",
                "url": "https://github.com/ralouphie/getallheaders.git",
                "reference": "120b605dfeb996808c31b6477290a714d356e822"
            },
            "dist": {
                "type": "zip",
                "url": "https://api.github.com/repos/ralouphie/getallheaders/zipball/120b605dfeb996808c31b6477290a714d356e822",
                "reference": "120b605dfeb996808c31b6477290a714d356e822",
                "shasum": ""
            },
            "require": {
                "php": ">=5.6"
            },
            "require-dev": {
                "php-coveralls/php-coveralls": "^2.1",
                "phpunit/phpunit": "^5 || ^6.5"
            },
            "type": "library",
            "autoload": {
                "files": [
                    "src/getallheaders.php"
                ]
            },
            "notification-url": "https://packagist.org/downloads/",
            "license": [
                "MIT"
            ],
            "authors": [
                {
                    "name": "Ralph Khattar",
                    "email": "ralph.khattar@gmail.com"
                }
            ],
            "description": "A polyfill for getallheaders.",
            "support": {
                "issues": "https://github.com/ralouphie/getallheaders/issues",
                "source": "https://github.com/ralouphie/getallheaders/tree/develop"
            },
            "time": "2019-03-08T08:55:37+00:00"
        },
        {
            "name": "symfony/deprecation-contracts",
            "version": "v3.6.0",
            "source": {
                "type": "git",
                "url": "https://github.com/symfony/deprecation-contracts.git",
                "reference": "63afe740e99a13ba87ec199bb07bbdee937a5b62"
            },
            "dist": {
                "type": "zip",
                "url": "https://api.github.com/repos/symfony/deprecation-contracts/zipball/63afe740e99a13ba87ec199bb07bbdee937a5b62",
                "reference": "63afe740e99a13ba87ec199bb07bbdee937a5b62",
                "shasum": ""
            },
            "require": {
                "php": ">=8.1"
            },
            "type": "library",
            "extra": {
                "thanks": {
                    "url": "https://github.com/symfony/contracts",
                    "name": "symfony/contracts"
                },
                "branch-alias": {
                    "dev-main": "3.6-dev"
                }
            },
            "autoload": {
                "files": [
                    "function.php"
                ]
            },
            "notification-url": "https://packagist.org/downloads/",
            "license": [
                "MIT"
            ],
            "authors": [
                {
                    "name": "Nicolas Grekas",
                    "email": "p@tchwork.com"
                },
                {
                    "name": "Symfony Community",
                    "homepage": "https://symfony.com/contributors"
                }
            ],
            "description": "A generic function and convention to trigger deprecation notices",
            "homepage": "https://symfony.com",
            "support": {
                "source": "https://github.com/symfony/deprecation-contracts/tree/v3.6.0"
            },
            "funding": [
                {
                    "url": "https://symfony.com/sponsor",
                    "type": "custom"
                },
                {
                    "url": "https://github.com/fabpot",
                    "type": "github"
                },
                {
                    "url": "https://tidelift.com/funding/github/packagist/symfony/symfony",
                    "type": "tidelift"
                }
            ],
            "time": "2024-09-25T14:21:43+00:00"
        },
        {
            "name": "symfony/polyfill-mbstring",
            "version": "v1.32.0",
            "source": {
                "type": "git",
                "url": "https://github.com/symfony/polyfill-mbstring.git",
                "reference": "6d857f4d76bd4b343eac26d6b539585d2bc56493"
            },
            "dist": {
                "type": "zip",
                "url": "https://api.github.com/repos/symfony/polyfill-mbstring/zipball/6d857f4d76bd4b343eac26d6b539585d2bc56493",
                "reference": "6d857f4d76bd4b343eac26d6b539585d2bc56493",
                "shasum": ""
            },
            "require": {
                "ext-iconv": "*",
                "php": ">=7.2"
            },
            "provide": {
                "ext-mbstring": "*"
            },
            "suggest": {
                "ext-mbstring": "For best performance"
            },
            "type": "library",
            "extra": {
                "thanks": {
                    "url": "https://github.com/symfony/polyfill",
                    "name": "symfony/polyfill"
                }
            },
            "autoload": {
                "files": [
                    "bootstrap.php"
                ],
                "psr-4": {
                    "Symfony\\Polyfill\\Mbstring\\": ""
                }
            },
            "notification-url": "https://packagist.org/downloads/",
            "license": [
                "MIT"
            ],
            "authors": [
                {
                    "name": "Nicolas Grekas",
                    "email": "p@tchwork.com"
                },
                {
                    "name": "Symfony Community",
                    "homepage": "https://symfony.com/contributors"
                }
            ],
            "description": "Symfony polyfill for the Mbstring extension",
            "homepage": "https://symfony.com",
            "keywords": [
                "compatibility",
                "mbstring",
                "polyfill",
                "portable",
                "shim"
            ],
            "support": {
                "source": "https://github.com/symfony/polyfill-mbstring/tree/v1.32.0"
            },
            "funding": [
                {
                    "url": "https://symfony.com/sponsor",
                    "type": "custom"
                },
                {
                    "url": "https://github.com/fabpot",
                    "type": "github"
                },
                {
                    "url": "https://tidelift.com/funding/github/packagist/symfony/symfony",
                    "type": "tidelift"
                }
            ],
            "time": "2024-12-23T08:48:59+00:00"
        },
        {
            "name": "toflar/state-set-index",
            "version": "3.1.0",
            "source": {
                "type": "git",
                "url": "https://github.com/Toflar/state-set-index.git",
                "reference": "c374bc1efd56a91a547c8dfdc3facbfa09e1b295"
            },
            "dist": {
                "type": "zip",
                "url": "https://api.github.com/repos/Toflar/state-set-index/zipball/c374bc1efd56a91a547c8dfdc3facbfa09e1b295",
                "reference": "c374bc1efd56a91a547c8dfdc3facbfa09e1b295",
                "shasum": ""
            },
            "require": {
                "ext-mbstring": "*",
                "php": "^8.1"
            },
            "require-dev": {
                "phpunit/phpunit": "^10.2",
                "symplify/easy-coding-standard": "^11.3"
            },
            "type": "library",
            "autoload": {
                "psr-4": {
                    "Toflar\\StateSetIndex\\": "src/"
                }
            },
            "notification-url": "https://packagist.org/downloads/",
            "license": [
                "MIT"
            ],
            "authors": [
                {
                    "name": "Yanick Witschi",
                    "email": "yanick.witschi@terminal42.ch"
                }
            ],
            "description": "Implementation of the State Set Index Algorithm",
            "support": {
                "issues": "https://github.com/Toflar/state-set-index/issues",
                "source": "https://github.com/Toflar/state-set-index/tree/3.1.0"
            },
            "time": "2025-08-12T07:23:44+00:00"
        },
        {
            "name": "wamania/php-stemmer",
            "version": "v4.0.0",
            "source": {
                "type": "git",
                "url": "https://github.com/wamania/php-stemmer.git",
                "reference": "d96509294ea843b4b86e4900df27424a6ea0ace8"
            },
            "dist": {
                "type": "zip",
                "url": "https://api.github.com/repos/wamania/php-stemmer/zipball/d96509294ea843b4b86e4900df27424a6ea0ace8",
                "reference": "d96509294ea843b4b86e4900df27424a6ea0ace8",
                "shasum": ""
            },
            "require": {
                "joomla/string": ">=2.0.1",
                "php": ">=7.3"
            },
            "require-dev": {
                "phpunit/phpunit": "^9.0"
            },
            "type": "library",
            "autoload": {
                "psr-4": {
                    "Wamania\\Snowball\\": "src/"
                }
            },
            "notification-url": "https://packagist.org/downloads/",
            "license": [
                "MIT"
            ],
            "authors": [
                {
                    "name": "Wamania",
                    "homepage": "http://wamania.com"
                }
            ],
            "description": "Native PHP Stemmer",
            "keywords": [
                "php",
                "porter",
                "stemmer"
            ],
            "support": {
                "issues": "https://github.com/wamania/php-stemmer/issues",
                "source": "https://github.com/wamania/php-stemmer/tree/v4.0.0"
            },
            "time": "2024-12-22T08:54:03+00:00"
        }
    ],
    "packages-dev": [],
    "aliases": [],
    "minimum-stability": "stable",
    "stability-flags": {},
    "prefer-stable": false,
    "prefer-lowest": false,
    "platform": {},
    "platform-dev": {},
    "plugin-api-version": "2.6.0"
}
